
Microsoft Visual Studio Solution File, Format Version 12.00
Project("{FAE04EC0-301F-11D3-BF4B-00C04F79EFBC}") = "EFCoreDataQuery", "EFCoreDataQuery\EFCoreDataQuery.csproj", "{6D1F469B-7E82-492D-88E1-16DC54C1A8CE}"
EndProject
Global
	GlobalSection(SolutionConfigurationPlatforms) = preSolution
		Debug|Any CPU = Debug|Any CPU
		Release|Any CPU = Release|Any CPU
	EndGlobalSection
	GlobalSection(ProjectConfigurationPlatforms) = postSolution
		{6D1F469B-7E82-492D-88E1-16DC54C1A8CE}.Debug|Any CPU.ActiveCfg = Debug|Any CPU
		{6D1F469B-7E82-492D-88E1-16DC54C1A8CE}.Debug|Any CPU.Build.0 = Debug|Any CPU
		{6D1F469B-7E82-492D-88E1-16DC54C1A8CE}.Release|Any CPU.ActiveCfg = Release|Any CPU
		{6D1F469B-7E82-492D-88E1-16DC54C1A8CE}.Release|Any CPU.Build.0 = Release|Any CPU
	EndGlobalSection
EndGlobal
