
Microsoft Visual Studio Solution File, Format Version 12.00
Project("{FAE04EC0-301F-11D3-BF4B-00C04F79EFBC}") = "Wpf.Dp.HelloWorld", "Wpf.Dp.HelloWorld\Wpf.Dp.HelloWorld.csproj", "{C8D21271-8597-49F0-A9DE-C0288314AE02}"
EndProject
Global
	GlobalSection(SolutionConfigurationPlatforms) = preSolution
		Debug|Any CPU = Debug|Any CPU
		Release|Any CPU = Release|Any CPU
	EndGlobalSection
	GlobalSection(ProjectConfigurationPlatforms) = postSolution
		{C8D21271-8597-49F0-A9DE-C0288314AE02}.Debug|Any CPU.ActiveCfg = Debug|Any CPU
		{C8D21271-8597-49F0-A9DE-C0288314AE02}.Debug|Any CPU.Build.0 = Debug|Any CPU
		{C8D21271-8597-49F0-A9DE-C0288314AE02}.Release|Any CPU.ActiveCfg = Release|Any CPU
		{C8D21271-8597-49F0-A9DE-C0288314AE02}.Release|Any CPU.Build.0 = Release|Any CPU
	EndGlobalSection
EndGlobal
