
Microsoft Visual Studio Solution File, Format Version 12.00
Project("{FAE04EC0-301F-11D3-BF4B-00C04F79EFBC}") = "Wpf.Brush.VisualBrush", "Wpf.Brush.VisualBrush\Wpf.Brush.VisualBrush.csproj", "{F273CB21-D2A8-4B4B-99D7-2E1C255EEE53}"
EndProject
Global
	GlobalSection(SolutionConfigurationPlatforms) = preSolution
		Debug|Any CPU = Debug|Any CPU
		Release|Any CPU = Release|Any CPU
	EndGlobalSection
	GlobalSection(ProjectConfigurationPlatforms) = postSolution
		{F273CB21-D2A8-4B4B-99D7-2E1C255EEE53}.Debug|Any CPU.ActiveCfg = Debug|Any CPU
		{F273CB21-D2A8-4B4B-99D7-2E1C255EEE53}.Debug|Any CPU.Build.0 = Debug|Any CPU
		{F273CB21-D2A8-4B4B-99D7-2E1C255EEE53}.Release|Any CPU.ActiveCfg = Release|Any CPU
		{F273CB21-D2A8-4B4B-99D7-2E1C255EEE53}.Release|Any CPU.Build.0 = Release|Any CPU
	EndGlobalSection
EndGlobal
