
Microsoft Visual Studio Solution File, Format Version 12.00
Project("{FAE04EC0-301F-11D3-BF4B-00C04F79EFBC}") = "Avalonia.Basic.Mvvm.Sample", "Avalonia.Basic.Mvvm.Sample\Avalonia.Basic.Mvvm.Sample.csproj", "{50D53267-DDF2-4948-9856-A40EBD13D625}"
EndProject
Global
	GlobalSection(SolutionConfigurationPlatforms) = preSolution
		Debug|Any CPU = Debug|Any CPU
		Release|Any CPU = Release|Any CPU
	EndGlobalSection
	GlobalSection(ProjectConfigurationPlatforms) = postSolution
		{50D53267-DDF2-4948-9856-A40EBD13D625}.Debug|Any CPU.ActiveCfg = Debug|Any CPU
		{50D53267-DDF2-4948-9856-A40EBD13D625}.Debug|Any CPU.Build.0 = Debug|Any CPU
		{50D53267-DDF2-4948-9856-A40EBD13D625}.Release|Any CPU.ActiveCfg = Release|Any CPU
		{50D53267-DDF2-4948-9856-A40EBD13D625}.Release|Any CPU.Build.0 = Release|Any CPU
	EndGlobalSection
EndGlobal
