
Microsoft Visual Studio Solution File, Format Version 12.00
Project("{FAE04EC0-301F-11D3-BF4B-00C04F79EFBC}") = "ManyToManyInFluentApiConfig", "ManyToManyInFluentApiConfig\ManyToManyInFluentApiConfig.csproj", "{3915A726-AD0E-4F40-89E6-12E0004492F3}"
EndProject
Global
	GlobalSection(SolutionConfigurationPlatforms) = preSolution
		Debug|Any CPU = Debug|Any CPU
		Release|Any CPU = Release|Any CPU
	EndGlobalSection
	GlobalSection(ProjectConfigurationPlatforms) = postSolution
		{3915A726-AD0E-4F40-89E6-12E0004492F3}.Debug|Any CPU.ActiveCfg = Debug|Any CPU
		{3915A726-AD0E-4F40-89E6-12E0004492F3}.Debug|Any CPU.Build.0 = Debug|Any CPU
		{3915A726-AD0E-4F40-89E6-12E0004492F3}.Release|Any CPU.ActiveCfg = Release|Any CPU
		{3915A726-AD0E-4F40-89E6-12E0004492F3}.Release|Any CPU.Build.0 = Release|Any CPU
	EndGlobalSection
EndGlobal
