
Microsoft Visual Studio Solution File, Format Version 12.00
# Visual Studio Version 17
VisualStudioVersion = 17.11.35208.52
MinimumVisualStudioVersion = 10.0.40219.1
Project("{FAE04EC0-301F-11D3-BF4B-00C04F79EFBC}") = "BlazorApp.HelloWorld", "BlazorApp.HelloWorld\BlazorApp.HelloWorld.csproj", "{B7D1E783-D133-4B21-85F8-D348E55A6939}"
EndProject
Global
	GlobalSection(SolutionConfigurationPlatforms) = preSolution
		Debug|Any CPU = Debug|Any CPU
		Release|Any CPU = Release|Any CPU
	EndGlobalSection
	GlobalSection(ProjectConfigurationPlatforms) = postSolution
		{B7D1E783-D133-4B21-85F8-D348E55A6939}.Debug|Any CPU.ActiveCfg = Debug|Any CPU
		{B7D1E783-D133-4B21-85F8-D348E55A6939}.Debug|Any CPU.Build.0 = Debug|Any CPU
		{B7D1E783-D133-4B21-85F8-D348E55A6939}.Release|Any CPU.ActiveCfg = Release|Any CPU
		{B7D1E783-D133-4B21-85F8-D348E55A6939}.Release|Any CPU.Build.0 = Release|Any CPU
	EndGlobalSection
	GlobalSection(SolutionProperties) = preSolution
		HideSolutionNode = FALSE
	EndGlobalSection
	GlobalSection(ExtensibilityGlobals) = postSolution
		SolutionGuid = {AE871A39-D87B-4FD2-9E7C-C3DD2A3D2A14}
	EndGlobalSection
EndGlobal
