
Microsoft Visual Studio Solution File, Format Version 12.00
Project("{FAE04EC0-301F-11D3-BF4B-00C04F79EFBC}") = "Wpf.Integration.EfCore", "Wpf.Integration.EfCore\Wpf.Integration.EfCore.csproj", "{DCBFFF26-9A89-4CA1-8B36-03482995F670}"
EndProject
Global
	GlobalSection(SolutionConfigurationPlatforms) = preSolution
		Debug|Any CPU = Debug|Any CPU
		Release|Any CPU = Release|Any CPU
	EndGlobalSection
	GlobalSection(ProjectConfigurationPlatforms) = postSolution
		{DCBFFF26-9A89-4CA1-8B36-03482995F670}.Debug|Any CPU.ActiveCfg = Debug|Any CPU
		{DCBFFF26-9A89-4CA1-8B36-03482995F670}.Debug|Any CPU.Build.0 = Debug|Any CPU
		{DCBFFF26-9A89-4CA1-8B36-03482995F670}.Release|Any CPU.ActiveCfg = Release|Any CPU
		{DCBFFF26-9A89-4CA1-8B36-03482995F670}.Release|Any CPU.Build.0 = Release|Any CPU
	EndGlobalSection
EndGlobal
