
Microsoft Visual Studio Solution File, Format Version 12.00
Project("{FAE04EC0-301F-11D3-BF4B-00C04F79EFBC}") = "Wpf.Template.ItemsPanelTemplate", "Wpf.Template.ItemsPanelTemplate\Wpf.Template.ItemsPanelTemplate.csproj", "{0BC413F4-3592-4368-A8C7-C607B1E2D605}"
EndProject
Global
	GlobalSection(SolutionConfigurationPlatforms) = preSolution
		Debug|Any CPU = Debug|Any CPU
		Release|Any CPU = Release|Any CPU
	EndGlobalSection
	GlobalSection(ProjectConfigurationPlatforms) = postSolution
		{0BC413F4-3592-4368-A8C7-C607B1E2D605}.Debug|Any CPU.ActiveCfg = Debug|Any CPU
		{0BC413F4-3592-4368-A8C7-C607B1E2D605}.Debug|Any CPU.Build.0 = Debug|Any CPU
		{0BC413F4-3592-4368-A8C7-C607B1E2D605}.Release|Any CPU.ActiveCfg = Release|Any CPU
		{0BC413F4-3592-4368-A8C7-C607B1E2D605}.Release|Any CPU.Build.0 = Release|Any CPU
	EndGlobalSection
EndGlobal
