
Microsoft Visual Studio Solution File, Format Version 12.00
Project("{FAE04EC0-301F-11D3-BF4B-00C04F79EFBC}") = "LayoutDemo", "LayoutDemo\LayoutDemo.csproj", "{AF939F90-0730-4F48-9703-971A053DD066}"
EndProject
Global
	GlobalSection(SolutionConfigurationPlatforms) = preSolution
		Debug|Any CPU = Debug|Any CPU
		Release|Any CPU = Release|Any CPU
	EndGlobalSection
	GlobalSection(ProjectConfigurationPlatforms) = postSolution
		{AF939F90-0730-4F48-9703-971A053DD066}.Debug|Any CPU.ActiveCfg = Debug|Any CPU
		{AF939F90-0730-4F48-9703-971A053DD066}.Debug|Any CPU.Build.0 = Debug|Any CPU
		{AF939F90-0730-4F48-9703-971A053DD066}.Release|Any CPU.ActiveCfg = Release|Any CPU
		{AF939F90-0730-4F48-9703-971A053DD066}.Release|Any CPU.Build.0 = Release|Any CPU
	EndGlobalSection
EndGlobal
