
Microsoft Visual Studio Solution File, Format Version 12.00
# Visual Studio Version 17
VisualStudioVersion = 17.8.34309.116
MinimumVisualStudioVersion = 10.0.40219.1
Project("{FAE04EC0-301F-11D3-BF4B-00C04F79EFBC}") = "CSharpDestructor", "CSharpDestructor.csproj", "{ED161F47-CE66-4D15-A9FD-D7F3600282BD}"
EndProject
Global
	GlobalSection(SolutionConfigurationPlatforms) = preSolution
		Debug|Any CPU = Debug|Any CPU
		Release|Any CPU = Release|Any CPU
	EndGlobalSection
	GlobalSection(ProjectConfigurationPlatforms) = postSolution
		{ED161F47-CE66-4D15-A9FD-D7F3600282BD}.Debug|Any CPU.ActiveCfg = Debug|Any CPU
		{ED161F47-CE66-4D15-A9FD-D7F3600282BD}.Debug|Any CPU.Build.0 = Debug|Any CPU
		{ED161F47-CE66-4D15-A9FD-D7F3600282BD}.Release|Any CPU.ActiveCfg = Release|Any CPU
		{ED161F47-CE66-4D15-A9FD-D7F3600282BD}.Release|Any CPU.Build.0 = Release|Any CPU
	EndGlobalSection
	GlobalSection(SolutionProperties) = preSolution
		HideSolutionNode = FALSE
	EndGlobalSection
	GlobalSection(ExtensibilityGlobals) = postSolution
		SolutionGuid = {AC09A25E-D82F-407B-A7C6-B386E7A99A91}
	EndGlobalSection
EndGlobal
