
Microsoft Visual Studio Solution File, Format Version 12.00
Project("{FAE04EC0-301F-11D3-BF4B-00C04F79EFBC}") = "UniformGrid", "UniformGrid\UniformGrid.csproj", "{843CB87D-D361-463E-9333-2C22A74700BA}"
EndProject
Global
	GlobalSection(SolutionConfigurationPlatforms) = preSolution
		Debug|Any CPU = Debug|Any CPU
		Release|Any CPU = Release|Any CPU
	EndGlobalSection
	GlobalSection(ProjectConfigurationPlatforms) = postSolution
		{843CB87D-D361-463E-9333-2C22A74700BA}.Debug|Any CPU.ActiveCfg = Debug|Any CPU
		{843CB87D-D361-463E-9333-2C22A74700BA}.Debug|Any CPU.Build.0 = Debug|Any CPU
		{843CB87D-D361-463E-9333-2C22A74700BA}.Release|Any CPU.ActiveCfg = Release|Any CPU
		{843CB87D-D361-463E-9333-2C22A74700BA}.Release|Any CPU.Build.0 = Release|Any CPU
	EndGlobalSection
EndGlobal
