
Microsoft Visual Studio Solution File, Format Version 12.00
# Visual Studio Version 17
VisualStudioVersion = 17.8.34309.116
MinimumVisualStudioVersion = 10.0.40219.1
Project("{FAE04EC0-301F-11D3-BF4B-00C04F79EFBC}") = "CSharpStruct", "CSharpStruct.csproj", "{1EEF29B0-B07C-420E-B676-47B2D859D1EF}"
EndProject
Global
	GlobalSection(SolutionConfigurationPlatforms) = preSolution
		Debug|Any CPU = Debug|Any CPU
		Release|Any CPU = Release|Any CPU
	EndGlobalSection
	GlobalSection(ProjectConfigurationPlatforms) = postSolution
		{1EEF29B0-B07C-420E-B676-47B2D859D1EF}.Debug|Any CPU.ActiveCfg = Debug|Any CPU
		{1EEF29B0-B07C-420E-B676-47B2D859D1EF}.Debug|Any CPU.Build.0 = Debug|Any CPU
		{1EEF29B0-B07C-420E-B676-47B2D859D1EF}.Release|Any CPU.ActiveCfg = Release|Any CPU
		{1EEF29B0-B07C-420E-B676-47B2D859D1EF}.Release|Any CPU.Build.0 = Release|Any CPU
	EndGlobalSection
	GlobalSection(SolutionProperties) = preSolution
		HideSolutionNode = FALSE
	EndGlobalSection
	GlobalSection(ExtensibilityGlobals) = postSolution
		SolutionGuid = {7CE2E10D-8994-4177-A737-F9D02CF1049E}
	EndGlobalSection
EndGlobal
