
Microsoft Visual Studio Solution File, Format Version 12.00
Project("{FAE04EC0-301F-11D3-BF4B-00C04F79EFBC}") = "Avalonia.CustomControls.RatingControlSample", "Avalonia.CustomControls.RatingControlSample\Avalonia.CustomControls.RatingControlSample.csproj", "{8F60DFB8-8B40-42C5-973B-737BBD5DFE67}"
EndProject
Global
	GlobalSection(SolutionConfigurationPlatforms) = preSolution
		Debug|Any CPU = Debug|Any CPU
		Release|Any CPU = Release|Any CPU
	EndGlobalSection
	GlobalSection(ProjectConfigurationPlatforms) = postSolution
		{8F60DFB8-8B40-42C5-973B-737BBD5DFE67}.Debug|Any CPU.ActiveCfg = Debug|Any CPU
		{8F60DFB8-8B40-42C5-973B-737BBD5DFE67}.Debug|Any CPU.Build.0 = Debug|Any CPU
		{8F60DFB8-8B40-42C5-973B-737BBD5DFE67}.Release|Any CPU.ActiveCfg = Release|Any CPU
		{8F60DFB8-8B40-42C5-973B-737BBD5DFE67}.Release|Any CPU.Build.0 = Release|Any CPU
	EndGlobalSection
EndGlobal
