
Microsoft Visual Studio Solution File, Format Version 12.00
Project("{FAE04EC0-301F-11D3-BF4B-00C04F79EFBC}") = "DatePicker", "DatePicker\DatePicker.csproj", "{FA017BBE-3682-412D-9820-74580FAD7439}"
EndProject
Global
	GlobalSection(SolutionConfigurationPlatforms) = preSolution
		Debug|Any CPU = Debug|Any CPU
		Release|Any CPU = Release|Any CPU
	EndGlobalSection
	GlobalSection(ProjectConfigurationPlatforms) = postSolution
		{FA017BBE-3682-412D-9820-74580FAD7439}.Debug|Any CPU.ActiveCfg = Debug|Any CPU
		{FA017BBE-3682-412D-9820-74580FAD7439}.Debug|Any CPU.Build.0 = Debug|Any CPU
		{FA017BBE-3682-412D-9820-74580FAD7439}.Release|Any CPU.ActiveCfg = Release|Any CPU
		{FA017BBE-3682-412D-9820-74580FAD7439}.Release|Any CPU.Build.0 = Release|Any CPU
	EndGlobalSection
EndGlobal
