
Microsoft Visual Studio Solution File, Format Version 12.00
Project("{FAE04EC0-301F-11D3-BF4B-00C04F79EFBC}") = "WPFHelloWorld", "WPFHelloWorld\WPFHelloWorld.csproj", "{30461637-5A1B-42E7-B000-C60D5C7BFFE4}"
EndProject
Global
	GlobalSection(SolutionConfigurationPlatforms) = preSolution
		Debug|Any CPU = Debug|Any CPU
		Release|Any CPU = Release|Any CPU
	EndGlobalSection
	GlobalSection(ProjectConfigurationPlatforms) = postSolution
		{30461637-5A1B-42E7-B000-C60D5C7BFFE4}.Debug|Any CPU.ActiveCfg = Debug|Any CPU
		{30461637-5A1B-42E7-B000-C60D5C7BFFE4}.Debug|Any CPU.Build.0 = Debug|Any CPU
		{30461637-5A1B-42E7-B000-C60D5C7BFFE4}.Release|Any CPU.ActiveCfg = Release|Any CPU
		{30461637-5A1B-42E7-B000-C60D5C7BFFE4}.Release|Any CPU.Build.0 = Release|Any CPU
	EndGlobalSection
EndGlobal
