
Microsoft Visual Studio Solution File, Format Version 12.00
Project("{FAE04EC0-301F-11D3-BF4B-00C04F79EFBC}") = "Wpf.Template.ControlTemplate", "Wpf.Template.ControlTemplate\Wpf.Template.ControlTemplate.csproj", "{F9720CCB-3498-4611-B4B8-491121A7B2D0}"
EndProject
Global
	GlobalSection(SolutionConfigurationPlatforms) = preSolution
		Debug|Any CPU = Debug|Any CPU
		Release|Any CPU = Release|Any CPU
	EndGlobalSection
	GlobalSection(ProjectConfigurationPlatforms) = postSolution
		{F9720CCB-3498-4611-B4B8-491121A7B2D0}.Debug|Any CPU.ActiveCfg = Debug|Any CPU
		{F9720CCB-3498-4611-B4B8-491121A7B2D0}.Debug|Any CPU.Build.0 = Debug|Any CPU
		{F9720CCB-3498-4611-B4B8-491121A7B2D0}.Release|Any CPU.ActiveCfg = Release|Any CPU
		{F9720CCB-3498-4611-B4B8-491121A7B2D0}.Release|Any CPU.Build.0 = Release|Any CPU
	EndGlobalSection
EndGlobal
