
Microsoft Visual Studio Solution File, Format Version 12.00
# Visual Studio Version 17
VisualStudioVersion = 17.8.34309.116
MinimumVisualStudioVersion = 10.0.40219.1
Project("{FAE04EC0-301F-11D3-BF4B-00C04F79EFBC}") = "CSharpThis", "CSharpThis.csproj", "{357F7DC4-3165-4969-8A20-0E2DE74C5912}"
EndProject
Global
	GlobalSection(SolutionConfigurationPlatforms) = preSolution
		Debug|Any CPU = Debug|Any CPU
		Release|Any CPU = Release|Any CPU
	EndGlobalSection
	GlobalSection(ProjectConfigurationPlatforms) = postSolution
		{357F7DC4-3165-4969-8A20-0E2DE74C5912}.Debug|Any CPU.ActiveCfg = Debug|Any CPU
		{357F7DC4-3165-4969-8A20-0E2DE74C5912}.Debug|Any CPU.Build.0 = Debug|Any CPU
		{357F7DC4-3165-4969-8A20-0E2DE74C5912}.Release|Any CPU.ActiveCfg = Release|Any CPU
		{357F7DC4-3165-4969-8A20-0E2DE74C5912}.Release|Any CPU.Build.0 = Release|Any CPU
	EndGlobalSection
	GlobalSection(SolutionProperties) = preSolution
		HideSolutionNode = FALSE
	EndGlobalSection
	GlobalSection(ExtensibilityGlobals) = postSolution
		SolutionGuid = {1D679266-89E4-49CF-9994-3EF7D901189D}
	EndGlobalSection
EndGlobal
