
Microsoft Visual Studio Solution File, Format Version 12.00
Project("{FAE04EC0-301F-11D3-BF4B-00C04F79EFBC}") = "CSharpStack", "CSharpStack\CSharpStack.csproj", "{A3D163A2-2AC9-4EE9-AC10-16EFF46DC778}"
EndProject
Global
	GlobalSection(SolutionConfigurationPlatforms) = preSolution
		Debug|Any CPU = Debug|Any CPU
		Release|Any CPU = Release|Any CPU
	EndGlobalSection
	GlobalSection(ProjectConfigurationPlatforms) = postSolution
		{A3D163A2-2AC9-4EE9-AC10-16EFF46DC778}.Debug|Any CPU.ActiveCfg = Debug|Any CPU
		{A3D163A2-2AC9-4EE9-AC10-16EFF46DC778}.Debug|Any CPU.Build.0 = Debug|Any CPU
		{A3D163A2-2AC9-4EE9-AC10-16EFF46DC778}.Release|Any CPU.ActiveCfg = Release|Any CPU
		{A3D163A2-2AC9-4EE9-AC10-16EFF46DC778}.Release|Any CPU.Build.0 = Release|Any CPU
	EndGlobalSection
EndGlobal
