
Microsoft Visual Studio Solution File, Format Version 12.00
Project("{FAE04EC0-301F-11D3-BF4B-00C04F79EFBC}") = "Wpf.Animation.Path", "Wpf.Animation.Path\Wpf.Animation.Path.csproj", "{1FFAEB5B-1B84-4BF5-AF8E-F705E8EB2D08}"
EndProject
Global
	GlobalSection(SolutionConfigurationPlatforms) = preSolution
		Debug|Any CPU = Debug|Any CPU
		Release|Any CPU = Release|Any CPU
	EndGlobalSection
	GlobalSection(ProjectConfigurationPlatforms) = postSolution
		{1FFAEB5B-1B84-4BF5-AF8E-F705E8EB2D08}.Debug|Any CPU.ActiveCfg = Debug|Any CPU
		{1FFAEB5B-1B84-4BF5-AF8E-F705E8EB2D08}.Debug|Any CPU.Build.0 = Debug|Any CPU
		{1FFAEB5B-1B84-4BF5-AF8E-F705E8EB2D08}.Release|Any CPU.ActiveCfg = Release|Any CPU
		{1FFAEB5B-1B84-4BF5-AF8E-F705E8EB2D08}.Release|Any CPU.Build.0 = Release|Any CPU
	EndGlobalSection
EndGlobal
