
Microsoft Visual Studio Solution File, Format Version 12.00
# Visual Studio Version 17
VisualStudioVersion = 17.8.34309.116
MinimumVisualStudioVersion = 10.0.40219.1
Project("{FAE04EC0-301F-11D3-BF4B-00C04F79EFBC}") = "CSharpString", "CSharpString.csproj", "{6DFA49B3-D036-497F-A081-0706051B2410}"
EndProject
Global
	GlobalSection(SolutionConfigurationPlatforms) = preSolution
		Debug|Any CPU = Debug|Any CPU
		Release|Any CPU = Release|Any CPU
	EndGlobalSection
	GlobalSection(ProjectConfigurationPlatforms) = postSolution
		{6DFA49B3-D036-497F-A081-0706051B2410}.Debug|Any CPU.ActiveCfg = Debug|Any CPU
		{6DFA49B3-D036-497F-A081-0706051B2410}.Debug|Any CPU.Build.0 = Debug|Any CPU
		{6DFA49B3-D036-497F-A081-0706051B2410}.Release|Any CPU.ActiveCfg = Release|Any CPU
		{6DFA49B3-D036-497F-A081-0706051B2410}.Release|Any CPU.Build.0 = Release|Any CPU
	EndGlobalSection
	GlobalSection(SolutionProperties) = preSolution
		HideSolutionNode = FALSE
	EndGlobalSection
	GlobalSection(ExtensibilityGlobals) = postSolution
		SolutionGuid = {30753D1E-B8E5-48A1-A580-C748E404D3CF}
	EndGlobalSection
EndGlobal
