
Microsoft Visual Studio Solution File, Format Version 12.00
Project("{FAE04EC0-301F-11D3-BF4B-00C04F79EFBC}") = "QRCoder.Example", "QRCoder.Example\QRCoder.Example.csproj", "{C2F35516-9534-48E3-B140-766DC4A93AC3}"
EndProject
Global
	GlobalSection(SolutionConfigurationPlatforms) = preSolution
		Debug|Any CPU = Debug|Any CPU
		Release|Any CPU = Release|Any CPU
	EndGlobalSection
	GlobalSection(ProjectConfigurationPlatforms) = postSolution
		{C2F35516-9534-48E3-B140-766DC4A93AC3}.Debug|Any CPU.ActiveCfg = Debug|Any CPU
		{C2F35516-9534-48E3-B140-766DC4A93AC3}.Debug|Any CPU.Build.0 = Debug|Any CPU
		{C2F35516-9534-48E3-B140-766DC4A93AC3}.Release|Any CPU.ActiveCfg = Release|Any CPU
		{C2F35516-9534-48E3-B140-766DC4A93AC3}.Release|Any CPU.Build.0 = Release|Any CPU
	EndGlobalSection
EndGlobal
