
Microsoft Visual Studio Solution File, Format Version 12.00
Project("{FAE04EC0-301F-11D3-BF4B-00C04F79EFBC}") = "StatusBar", "StatusBar\StatusBar.csproj", "{8340A7F4-D6A3-4958-A3C8-0EFF822DC3DC}"
EndProject
Global
	GlobalSection(SolutionConfigurationPlatforms) = preSolution
		Debug|Any CPU = Debug|Any CPU
		Release|Any CPU = Release|Any CPU
	EndGlobalSection
	GlobalSection(ProjectConfigurationPlatforms) = postSolution
		{8340A7F4-D6A3-4958-A3C8-0EFF822DC3DC}.Debug|Any CPU.ActiveCfg = Debug|Any CPU
		{8340A7F4-D6A3-4958-A3C8-0EFF822DC3DC}.Debug|Any CPU.Build.0 = Debug|Any CPU
		{8340A7F4-D6A3-4958-A3C8-0EFF822DC3DC}.Release|Any CPU.ActiveCfg = Release|Any CPU
		{8340A7F4-D6A3-4958-A3C8-0EFF822DC3DC}.Release|Any CPU.Build.0 = Release|Any CPU
	EndGlobalSection
EndGlobal
