
Microsoft Visual Studio Solution File, Format Version 12.00
Project("{FAE04EC0-301F-11D3-BF4B-00C04F79EFBC}") = "CSharpNamespace", "CSharpNamespace\CSharpNamespace.csproj", "{DB1377CB-362E-4F0A-87B2-F9B5BD64EA8E}"
EndProject
Global
	GlobalSection(SolutionConfigurationPlatforms) = preSolution
		Debug|Any CPU = Debug|Any CPU
		Release|Any CPU = Release|Any CPU
	EndGlobalSection
	GlobalSection(ProjectConfigurationPlatforms) = postSolution
		{DB1377CB-362E-4F0A-87B2-F9B5BD64EA8E}.Debug|Any CPU.ActiveCfg = Debug|Any CPU
		{DB1377CB-362E-4F0A-87B2-F9B5BD64EA8E}.Debug|Any CPU.Build.0 = Debug|Any CPU
		{DB1377CB-362E-4F0A-87B2-F9B5BD64EA8E}.Release|Any CPU.ActiveCfg = Release|Any CPU
		{DB1377CB-362E-4F0A-87B2-F9B5BD64EA8E}.Release|Any CPU.Build.0 = Release|Any CPU
	EndGlobalSection
EndGlobal
