
Microsoft Visual Studio Solution File, Format Version 12.00
# Visual Studio Version 17
VisualStudioVersion = 17.10.35122.118
MinimumVisualStudioVersion = 10.0.40219.1
Project("{FAE04EC0-301F-11D3-BF4B-00C04F79EFBC}") = "WinFormsApp.MaterialSkin.Example", "WinFormsApp.MaterialSkin.Example\WinFormsApp.MaterialSkin.Example.csproj", "{45E43E3D-6992-4340-AF85-47B5CC5311A0}"
EndProject
Global
	GlobalSection(SolutionConfigurationPlatforms) = preSolution
		Debug|Any CPU = Debug|Any CPU
		Release|Any CPU = Release|Any CPU
	EndGlobalSection
	GlobalSection(ProjectConfigurationPlatforms) = postSolution
		{45E43E3D-6992-4340-AF85-47B5CC5311A0}.Debug|Any CPU.ActiveCfg = Debug|Any CPU
		{45E43E3D-6992-4340-AF85-47B5CC5311A0}.Debug|Any CPU.Build.0 = Debug|Any CPU
		{45E43E3D-6992-4340-AF85-47B5CC5311A0}.Release|Any CPU.ActiveCfg = Release|Any CPU
		{45E43E3D-6992-4340-AF85-47B5CC5311A0}.Release|Any CPU.Build.0 = Release|Any CPU
	EndGlobalSection
	GlobalSection(SolutionProperties) = preSolution
		HideSolutionNode = FALSE
	EndGlobalSection
	GlobalSection(ExtensibilityGlobals) = postSolution
		SolutionGuid = {6C2C5B69-3493-4CCD-BE87-DF72B77BFE57}
	EndGlobalSection
EndGlobal
