
Microsoft Visual Studio Solution File, Format Version 12.00
# Visual Studio Version 17
VisualStudioVersion = 17.8.34309.116
MinimumVisualStudioVersion = 10.0.40219.1
Project("{FAE04EC0-301F-11D3-BF4B-00C04F79EFBC}") = "CSharpNullable", "CSharpNullable.csproj", "{039B741C-A2E2-4970-9392-5B6CFCBD9334}"
EndProject
Global
	GlobalSection(SolutionConfigurationPlatforms) = preSolution
		Debug|Any CPU = Debug|Any CPU
		Release|Any CPU = Release|Any CPU
	EndGlobalSection
	GlobalSection(ProjectConfigurationPlatforms) = postSolution
		{039B741C-A2E2-4970-9392-5B6CFCBD9334}.Debug|Any CPU.ActiveCfg = Debug|Any CPU
		{039B741C-A2E2-4970-9392-5B6CFCBD9334}.Debug|Any CPU.Build.0 = Debug|Any CPU
		{039B741C-A2E2-4970-9392-5B6CFCBD9334}.Release|Any CPU.ActiveCfg = Release|Any CPU
		{039B741C-A2E2-4970-9392-5B6CFCBD9334}.Release|Any CPU.Build.0 = Release|Any CPU
	EndGlobalSection
	GlobalSection(SolutionProperties) = preSolution
		HideSolutionNode = FALSE
	EndGlobalSection
	GlobalSection(ExtensibilityGlobals) = postSolution
		SolutionGuid = {27A40360-888A-4AA9-9435-37BAB8BE84F4}
	EndGlobalSection
EndGlobal
