
Microsoft Visual Studio Solution File, Format Version 12.00
Project("{FAE04EC0-301F-11D3-BF4B-00C04F79EFBC}") = "ItemsControl", "ItemsControl\ItemsControl.csproj", "{EFDEC6CB-CF85-4A0A-919C-DD19946E37D2}"
EndProject
Global
	GlobalSection(SolutionConfigurationPlatforms) = preSolution
		Debug|Any CPU = Debug|Any CPU
		Release|Any CPU = Release|Any CPU
	EndGlobalSection
	GlobalSection(ProjectConfigurationPlatforms) = postSolution
		{EFDEC6CB-CF85-4A0A-919C-DD19946E37D2}.Debug|Any CPU.ActiveCfg = Debug|Any CPU
		{EFDEC6CB-CF85-4A0A-919C-DD19946E37D2}.Debug|Any CPU.Build.0 = Debug|Any CPU
		{EFDEC6CB-CF85-4A0A-919C-DD19946E37D2}.Release|Any CPU.ActiveCfg = Release|Any CPU
		{EFDEC6CB-CF85-4A0A-919C-DD19946E37D2}.Release|Any CPU.Build.0 = Release|Any CPU
	EndGlobalSection
EndGlobal
