
Microsoft Visual Studio Solution File, Format Version 12.00
Project("{FAE04EC0-301F-11D3-BF4B-00C04F79EFBC}") = "Style.Resource", "Style.Resource\Style.Resource.csproj", "{AE407417-F39A-46E0-AB31-B1D3AEF9026D}"
EndProject
Global
	GlobalSection(SolutionConfigurationPlatforms) = preSolution
		Debug|Any CPU = Debug|Any CPU
		Release|Any CPU = Release|Any CPU
	EndGlobalSection
	GlobalSection(ProjectConfigurationPlatforms) = postSolution
		{AE407417-F39A-46E0-AB31-B1D3AEF9026D}.Debug|Any CPU.ActiveCfg = Debug|Any CPU
		{AE407417-F39A-46E0-AB31-B1D3AEF9026D}.Debug|Any CPU.Build.0 = Debug|Any CPU
		{AE407417-F39A-46E0-AB31-B1D3AEF9026D}.Release|Any CPU.ActiveCfg = Release|Any CPU
		{AE407417-F39A-46E0-AB31-B1D3AEF9026D}.Release|Any CPU.Build.0 = Release|Any CPU
	EndGlobalSection
EndGlobal
