
Microsoft Visual Studio Solution File, Format Version 12.00
# Visual Studio Version 17
VisualStudioVersion = 17.10.35027.167
MinimumVisualStudioVersion = 10.0.40219.1
Project("{FAE04EC0-301F-11D3-BF4B-00C04F79EFBC}") = "WinFormsApp.MathQuiz", "WinFormsApp.MathQuiz\WinFormsApp.MathQuiz.csproj", "{E6BCD86F-AE5D-4E71-9610-192DA2A4F1F8}"
EndProject
Global
	GlobalSection(SolutionConfigurationPlatforms) = preSolution
		Debug|Any CPU = Debug|Any CPU
		Release|Any CPU = Release|Any CPU
	EndGlobalSection
	GlobalSection(ProjectConfigurationPlatforms) = postSolution
		{E6BCD86F-AE5D-4E71-9610-192DA2A4F1F8}.Debug|Any CPU.ActiveCfg = Debug|Any CPU
		{E6BCD86F-AE5D-4E71-9610-192DA2A4F1F8}.Debug|Any CPU.Build.0 = Debug|Any CPU
		{E6BCD86F-AE5D-4E71-9610-192DA2A4F1F8}.Release|Any CPU.ActiveCfg = Release|Any CPU
		{E6BCD86F-AE5D-4E71-9610-192DA2A4F1F8}.Release|Any CPU.Build.0 = Release|Any CPU
	EndGlobalSection
	GlobalSection(SolutionProperties) = preSolution
		HideSolutionNode = FALSE
	EndGlobalSection
	GlobalSection(ExtensibilityGlobals) = postSolution
		SolutionGuid = {2EA3495B-0D55-4B17-87C2-644CBA8A02DD}
	EndGlobalSection
EndGlobal
