
Microsoft Visual Studio Solution File, Format Version 12.00
Project("{FAE04EC0-301F-11D3-BF4B-00C04F79EFBC}") = "Style.MultiDataTrigger", "Style.MultiDataTrigger\Style.MultiDataTrigger.csproj", "{0D43E57D-2BDB-4BD9-88E2-32691B67AF63}"
EndProject
Global
	GlobalSection(SolutionConfigurationPlatforms) = preSolution
		Debug|Any CPU = Debug|Any CPU
		Release|Any CPU = Release|Any CPU
	EndGlobalSection
	GlobalSection(ProjectConfigurationPlatforms) = postSolution
		{0D43E57D-2BDB-4BD9-88E2-32691B67AF63}.Debug|Any CPU.ActiveCfg = Debug|Any CPU
		{0D43E57D-2BDB-4BD9-88E2-32691B67AF63}.Debug|Any CPU.Build.0 = Debug|Any CPU
		{0D43E57D-2BDB-4BD9-88E2-32691B67AF63}.Release|Any CPU.ActiveCfg = Release|Any CPU
		{0D43E57D-2BDB-4BD9-88E2-32691B67AF63}.Release|Any CPU.Build.0 = Release|Any CPU
	EndGlobalSection
EndGlobal
