
Microsoft Visual Studio Solution File, Format Version 12.00
Project("{FAE04EC0-301F-11D3-BF4B-00C04F79EFBC}") = "Wpf.Transform.TranslateTransform", "Wpf.Transform.TranslateTransform\Wpf.Transform.TranslateTransform.csproj", "{979D5F0C-2140-4444-9DC7-64BEBF7CB8B6}"
EndProject
Global
	GlobalSection(SolutionConfigurationPlatforms) = preSolution
		Debug|Any CPU = Debug|Any CPU
		Release|Any CPU = Release|Any CPU
	EndGlobalSection
	GlobalSection(ProjectConfigurationPlatforms) = postSolution
		{979D5F0C-2140-4444-9DC7-64BEBF7CB8B6}.Debug|Any CPU.ActiveCfg = Debug|Any CPU
		{979D5F0C-2140-4444-9DC7-64BEBF7CB8B6}.Debug|Any CPU.Build.0 = Debug|Any CPU
		{979D5F0C-2140-4444-9DC7-64BEBF7CB8B6}.Release|Any CPU.ActiveCfg = Release|Any CPU
		{979D5F0C-2140-4444-9DC7-64BEBF7CB8B6}.Release|Any CPU.Build.0 = Release|Any CPU
	EndGlobalSection
EndGlobal
