
Microsoft Visual Studio Solution File, Format Version 12.00
# Visual Studio Version 17
VisualStudioVersion = 17.8.34309.116
MinimumVisualStudioVersion = 10.0.40219.1
Project("{FAE04EC0-301F-11D3-BF4B-00C04F79EFBC}") = "CSharpMultiDimensionalArray", "CSharpMultiDimensionalArray.csproj", "{5114157A-74E1-4D85-9C79-57CC45339508}"
EndProject
Global
	GlobalSection(SolutionConfigurationPlatforms) = preSolution
		Debug|Any CPU = Debug|Any CPU
		Release|Any CPU = Release|Any CPU
	EndGlobalSection
	GlobalSection(ProjectConfigurationPlatforms) = postSolution
		{5114157A-74E1-4D85-9C79-57CC45339508}.Debug|Any CPU.ActiveCfg = Debug|Any CPU
		{5114157A-74E1-4D85-9C79-57CC45339508}.Debug|Any CPU.Build.0 = Debug|Any CPU
		{5114157A-74E1-4D85-9C79-57CC45339508}.Release|Any CPU.ActiveCfg = Release|Any CPU
		{5114157A-74E1-4D85-9C79-57CC45339508}.Release|Any CPU.Build.0 = Release|Any CPU
	EndGlobalSection
	GlobalSection(SolutionProperties) = preSolution
		HideSolutionNode = FALSE
	EndGlobalSection
	GlobalSection(ExtensibilityGlobals) = postSolution
		SolutionGuid = {0CB0113A-F338-4695-A5B2-4EC83D09BB14}
	EndGlobalSection
EndGlobal
