
Microsoft Visual Studio Solution File, Format Version 12.00
# Visual Studio Version 17
VisualStudioVersion = 17.8.34309.116
MinimumVisualStudioVersion = 10.0.40219.1
Project("{FAE04EC0-301F-11D3-BF4B-00C04F79EFBC}") = "CSharpMethod", "CSharpMethod.csproj", "{123E6E80-4B11-4CD4-AC04-985B084E219E}"
EndProject
Global
	GlobalSection(SolutionConfigurationPlatforms) = preSolution
		Debug|Any CPU = Debug|Any CPU
		Release|Any CPU = Release|Any CPU
	EndGlobalSection
	GlobalSection(ProjectConfigurationPlatforms) = postSolution
		{123E6E80-4B11-4CD4-AC04-985B084E219E}.Debug|Any CPU.ActiveCfg = Debug|Any CPU
		{123E6E80-4B11-4CD4-AC04-985B084E219E}.Debug|Any CPU.Build.0 = Debug|Any CPU
		{123E6E80-4B11-4CD4-AC04-985B084E219E}.Release|Any CPU.ActiveCfg = Release|Any CPU
		{123E6E80-4B11-4CD4-AC04-985B084E219E}.Release|Any CPU.Build.0 = Release|Any CPU
	EndGlobalSection
	GlobalSection(SolutionProperties) = preSolution
		HideSolutionNode = FALSE
	EndGlobalSection
	GlobalSection(ExtensibilityGlobals) = postSolution
		SolutionGuid = {E3CFA511-02B0-4DBF-9492-F5F6B383525A}
	EndGlobalSection
EndGlobal
