
Microsoft Visual Studio Solution File, Format Version 12.00
Project("{FAE04EC0-301F-11D3-BF4B-00C04F79EFBC}") = "Wpf.Transform.SimpleImageViewer", "Wpf.Transform.SimpleImageViewer\Wpf.Transform.SimpleImageViewer.csproj", "{804AC0C6-D9C1-4510-8CAC-519F873C73E4}"
EndProject
Global
	GlobalSection(SolutionConfigurationPlatforms) = preSolution
		Debug|Any CPU = Debug|Any CPU
		Release|Any CPU = Release|Any CPU
	EndGlobalSection
	GlobalSection(ProjectConfigurationPlatforms) = postSolution
		{804AC0C6-D9C1-4510-8CAC-519F873C73E4}.Debug|Any CPU.ActiveCfg = Debug|Any CPU
		{804AC0C6-D9C1-4510-8CAC-519F873C73E4}.Debug|Any CPU.Build.0 = Debug|Any CPU
		{804AC0C6-D9C1-4510-8CAC-519F873C73E4}.Release|Any CPU.ActiveCfg = Release|Any CPU
		{804AC0C6-D9C1-4510-8CAC-519F873C73E4}.Release|Any CPU.Build.0 = Release|Any CPU
	EndGlobalSection
EndGlobal
