
Microsoft Visual Studio Solution File, Format Version 12.00
Project("{FAE04EC0-301F-11D3-BF4B-00C04F79EFBC}") = "Wpf.Animation.UsingKeyFramesInCSharpCode", "Wpf.Animation.UsingKeyFramesInCSharpCode\Wpf.Animation.UsingKeyFramesInCSharpCode.csproj", "{1BAFC278-C024-4152-B8E1-BA36C6C8E951}"
EndProject
Global
	GlobalSection(SolutionConfigurationPlatforms) = preSolution
		Debug|Any CPU = Debug|Any CPU
		Release|Any CPU = Release|Any CPU
	EndGlobalSection
	GlobalSection(ProjectConfigurationPlatforms) = postSolution
		{1BAFC278-C024-4152-B8E1-BA36C6C8E951}.Debug|Any CPU.ActiveCfg = Debug|Any CPU
		{1BAFC278-C024-4152-B8E1-BA36C6C8E951}.Debug|Any CPU.Build.0 = Debug|Any CPU
		{1BAFC278-C024-4152-B8E1-BA36C6C8E951}.Release|Any CPU.ActiveCfg = Release|Any CPU
		{1BAFC278-C024-4152-B8E1-BA36C6C8E951}.Release|Any CPU.Build.0 = Release|Any CPU
	EndGlobalSection
EndGlobal
