
Microsoft Visual Studio Solution File, Format Version 12.00
Project("{FAE04EC0-301F-11D3-BF4B-00C04F79EFBC}") = "Avalonia.TodoApp", "Avalonia.TodoApp\Avalonia.TodoApp.csproj", "{530828B2-8065-4583-8B4B-F29837EAE8BF}"
EndProject
Global
	GlobalSection(SolutionConfigurationPlatforms) = preSolution
		Debug|Any CPU = Debug|Any CPU
		Release|Any CPU = Release|Any CPU
	EndGlobalSection
	GlobalSection(ProjectConfigurationPlatforms) = postSolution
		{530828B2-8065-4583-8B4B-F29837EAE8BF}.Debug|Any CPU.ActiveCfg = Debug|Any CPU
		{530828B2-8065-4583-8B4B-F29837EAE8BF}.Debug|Any CPU.Build.0 = Debug|Any CPU
		{530828B2-8065-4583-8B4B-F29837EAE8BF}.Release|Any CPU.ActiveCfg = Release|Any CPU
		{530828B2-8065-4583-8B4B-F29837EAE8BF}.Release|Any CPU.Build.0 = Release|Any CPU
	EndGlobalSection
EndGlobal
