
Microsoft Visual Studio Solution File, Format Version 12.00
Project("{FAE04EC0-301F-11D3-BF4B-00C04F79EFBC}") = "DataBindingDemo", "DataBindingDemo\DataBindingDemo.csproj", "{60977F0D-6587-4FDA-B0E5-BAD12CBEA524}"
EndProject
Global
	GlobalSection(SolutionConfigurationPlatforms) = preSolution
		Debug|Any CPU = Debug|Any CPU
		Release|Any CPU = Release|Any CPU
	EndGlobalSection
	GlobalSection(ProjectConfigurationPlatforms) = postSolution
		{60977F0D-6587-4FDA-B0E5-BAD12CBEA524}.Debug|Any CPU.ActiveCfg = Debug|Any CPU
		{60977F0D-6587-4FDA-B0E5-BAD12CBEA524}.Debug|Any CPU.Build.0 = Debug|Any CPU
		{60977F0D-6587-4FDA-B0E5-BAD12CBEA524}.Release|Any CPU.ActiveCfg = Release|Any CPU
		{60977F0D-6587-4FDA-B0E5-BAD12CBEA524}.Release|Any CPU.Build.0 = Release|Any CPU
	EndGlobalSection
EndGlobal
