
Microsoft Visual Studio Solution File, Format Version 12.00
# Visual Studio Version 17
VisualStudioVersion = 17.8.34309.116
MinimumVisualStudioVersion = 10.0.40219.1
Project("{FAE04EC0-301F-11D3-BF4B-00C04F79EFBC}") = "CSharpConstructor", "CSharpConstructor.csproj", "{2902509F-6492-4D6D-9BD9-5504610E3E1E}"
EndProject
Global
	GlobalSection(SolutionConfigurationPlatforms) = preSolution
		Debug|Any CPU = Debug|Any CPU
		Release|Any CPU = Release|Any CPU
	EndGlobalSection
	GlobalSection(ProjectConfigurationPlatforms) = postSolution
		{2902509F-6492-4D6D-9BD9-5504610E3E1E}.Debug|Any CPU.ActiveCfg = Debug|Any CPU
		{2902509F-6492-4D6D-9BD9-5504610E3E1E}.Debug|Any CPU.Build.0 = Debug|Any CPU
		{2902509F-6492-4D6D-9BD9-5504610E3E1E}.Release|Any CPU.ActiveCfg = Release|Any CPU
		{2902509F-6492-4D6D-9BD9-5504610E3E1E}.Release|Any CPU.Build.0 = Release|Any CPU
	EndGlobalSection
	GlobalSection(SolutionProperties) = preSolution
		HideSolutionNode = FALSE
	EndGlobalSection
	GlobalSection(ExtensibilityGlobals) = postSolution
		SolutionGuid = {C34937E5-DE17-4691-AB6F-BEF9C3D3BB30}
	EndGlobalSection
EndGlobal
