
Microsoft Visual Studio Solution File, Format Version 12.00
Project("{FAE04EC0-301F-11D3-BF4B-00C04F79EFBC}") = "Wpf.Command.EventToCommand", "Wpf.Command.EventToCommand\Wpf.Command.EventToCommand.csproj", "{478E5CBD-8A90-4043-B9D4-CCBB010EA31B}"
EndProject
Global
	GlobalSection(SolutionConfigurationPlatforms) = preSolution
		Debug|Any CPU = Debug|Any CPU
		Release|Any CPU = Release|Any CPU
	EndGlobalSection
	GlobalSection(ProjectConfigurationPlatforms) = postSolution
		{478E5CBD-8A90-4043-B9D4-CCBB010EA31B}.Debug|Any CPU.ActiveCfg = Debug|Any CPU
		{478E5CBD-8A90-4043-B9D4-CCBB010EA31B}.Debug|Any CPU.Build.0 = Debug|Any CPU
		{478E5CBD-8A90-4043-B9D4-CCBB010EA31B}.Release|Any CPU.ActiveCfg = Release|Any CPU
		{478E5CBD-8A90-4043-B9D4-CCBB010EA31B}.Release|Any CPU.Build.0 = Release|Any CPU
	EndGlobalSection
EndGlobal
