
Microsoft Visual Studio Solution File, Format Version 12.00
# Visual Studio Version 17
VisualStudioVersion = 17.8.34525.116
MinimumVisualStudioVersion = 10.0.40219.1
Project("{9A19103F-16F7-4668-BE54-9A1E7A4F7556}") = "GetStartedApp", "GetStartedApp\GetStartedApp.csproj", "{CF9915D6-0178-46F6-A7A0-165EF6D68958}"
EndProject
Project("{9A19103F-16F7-4668-BE54-9A1E7A4F7556}") = "GetStartedApp.Desktop", "GetStartedApp.Desktop\GetStartedApp.Desktop.csproj", "{A4C2B32D-E2BD-4671-B75A-0D568056963B}"
EndProject
Global
	GlobalSection(SolutionConfigurationPlatforms) = preSolution
		Debug|Any CPU = Debug|Any CPU
		Release|Any CPU = Release|Any CPU
	EndGlobalSection
	GlobalSection(ProjectConfigurationPlatforms) = postSolution
		{CF9915D6-0178-46F6-A7A0-165EF6D68958}.Debug|Any CPU.ActiveCfg = Debug|Any CPU
		{CF9915D6-0178-46F6-A7A0-165EF6D68958}.Debug|Any CPU.Build.0 = Debug|Any CPU
		{CF9915D6-0178-46F6-A7A0-165EF6D68958}.Release|Any CPU.ActiveCfg = Release|Any CPU
		{CF9915D6-0178-46F6-A7A0-165EF6D68958}.Release|Any CPU.Build.0 = Release|Any CPU
		{A4C2B32D-E2BD-4671-B75A-0D568056963B}.Debug|Any CPU.ActiveCfg = Debug|Any CPU
		{A4C2B32D-E2BD-4671-B75A-0D568056963B}.Debug|Any CPU.Build.0 = Debug|Any CPU
		{A4C2B32D-E2BD-4671-B75A-0D568056963B}.Release|Any CPU.ActiveCfg = Release|Any CPU
		{A4C2B32D-E2BD-4671-B75A-0D568056963B}.Release|Any CPU.Build.0 = Release|Any CPU
	EndGlobalSection
	GlobalSection(SolutionProperties) = preSolution
		HideSolutionNode = FALSE
	EndGlobalSection
	GlobalSection(ExtensibilityGlobals) = postSolution
		SolutionGuid = {40E48E39-2092-4640-9155-C1A7138BDF73}
	EndGlobalSection
EndGlobal
