
Microsoft Visual Studio Solution File, Format Version 12.00
Project("{FAE04EC0-301F-11D3-BF4B-00C04F79EFBC}") = "GroupBox", "GroupBox\GroupBox.csproj", "{544A2C42-E410-4E20-B138-7AE2DBA05D78}"
EndProject
Global
	GlobalSection(SolutionConfigurationPlatforms) = preSolution
		Debug|Any CPU = Debug|Any CPU
		Release|Any CPU = Release|Any CPU
	EndGlobalSection
	GlobalSection(ProjectConfigurationPlatforms) = postSolution
		{544A2C42-E410-4E20-B138-7AE2DBA05D78}.Debug|Any CPU.ActiveCfg = Debug|Any CPU
		{544A2C42-E410-4E20-B138-7AE2DBA05D78}.Debug|Any CPU.Build.0 = Debug|Any CPU
		{544A2C42-E410-4E20-B138-7AE2DBA05D78}.Release|Any CPU.ActiveCfg = Release|Any CPU
		{544A2C42-E410-4E20-B138-7AE2DBA05D78}.Release|Any CPU.Build.0 = Release|Any CPU
	EndGlobalSection
EndGlobal
