
Microsoft Visual Studio Solution File, Format Version 12.00
Project("{FAE04EC0-301F-11D3-BF4B-00C04F79EFBC}") = "Wpf.Animation.UsingInCSharp", "Wpf.Animation.UsingInCSharp\Wpf.Animation.UsingInCSharp.csproj", "{D1BA4ABF-819E-4FAD-A322-8BF6F5FB55CC}"
EndProject
Global
	GlobalSection(SolutionConfigurationPlatforms) = preSolution
		Debug|Any CPU = Debug|Any CPU
		Release|Any CPU = Release|Any CPU
	EndGlobalSection
	GlobalSection(ProjectConfigurationPlatforms) = postSolution
		{D1BA4ABF-819E-4FAD-A322-8BF6F5FB55CC}.Debug|Any CPU.ActiveCfg = Debug|Any CPU
		{D1BA4ABF-819E-4FAD-A322-8BF6F5FB55CC}.Debug|Any CPU.Build.0 = Debug|Any CPU
		{D1BA4ABF-819E-4FAD-A322-8BF6F5FB55CC}.Release|Any CPU.ActiveCfg = Release|Any CPU
		{D1BA4ABF-819E-4FAD-A322-8BF6F5FB55CC}.Release|Any CPU.Build.0 = Release|Any CPU
	EndGlobalSection
EndGlobal
