
Microsoft Visual Studio Solution File, Format Version 12.00
Project("{FAE04EC0-301F-11D3-BF4B-00C04F79EFBC}") = "Wpf.Effect.DropShadowEffect", "Wpf.Effect.DropShadowEffect\Wpf.Effect.DropShadowEffect.csproj", "{3DAFAE8F-A303-43D6-AD58-FF48C8692B8C}"
EndProject
Global
	GlobalSection(SolutionConfigurationPlatforms) = preSolution
		Debug|Any CPU = Debug|Any CPU
		Release|Any CPU = Release|Any CPU
	EndGlobalSection
	GlobalSection(ProjectConfigurationPlatforms) = postSolution
		{3DAFAE8F-A303-43D6-AD58-FF48C8692B8C}.Debug|Any CPU.ActiveCfg = Debug|Any CPU
		{3DAFAE8F-A303-43D6-AD58-FF48C8692B8C}.Debug|Any CPU.Build.0 = Debug|Any CPU
		{3DAFAE8F-A303-43D6-AD58-FF48C8692B8C}.Release|Any CPU.ActiveCfg = Release|Any CPU
		{3DAFAE8F-A303-43D6-AD58-FF48C8692B8C}.Release|Any CPU.Build.0 = Release|Any CPU
	EndGlobalSection
EndGlobal
