
Microsoft Visual Studio Solution File, Format Version 12.00
Project("{FAE04EC0-301F-11D3-BF4B-00C04F79EFBC}") = "Reflection", "Reflection\Reflection.csproj", "{07081BED-CA1E-48E1-9D21-100D8C9F5099}"
EndProject
Global
	GlobalSection(SolutionConfigurationPlatforms) = preSolution
		Debug|Any CPU = Debug|Any CPU
		Release|Any CPU = Release|Any CPU
	EndGlobalSection
	GlobalSection(ProjectConfigurationPlatforms) = postSolution
		{07081BED-CA1E-48E1-9D21-100D8C9F5099}.Debug|Any CPU.ActiveCfg = Debug|Any CPU
		{07081BED-CA1E-48E1-9D21-100D8C9F5099}.Debug|Any CPU.Build.0 = Debug|Any CPU
		{07081BED-CA1E-48E1-9D21-100D8C9F5099}.Release|Any CPU.ActiveCfg = Release|Any CPU
		{07081BED-CA1E-48E1-9D21-100D8C9F5099}.Release|Any CPU.Build.0 = Release|Any CPU
	EndGlobalSection
EndGlobal
