
Microsoft Visual Studio Solution File, Format Version 12.00
Project("{FAE04EC0-301F-11D3-BF4B-00C04F79EFBC}") = "AnonymousFunction", "AnonymousFunction\AnonymousFunction.csproj", "{A0F65006-DDFA-4ACF-AF98-BC2B8A38BD33}"
EndProject
Global
	GlobalSection(SolutionConfigurationPlatforms) = preSolution
		Debug|Any CPU = Debug|Any CPU
		Release|Any CPU = Release|Any CPU
	EndGlobalSection
	GlobalSection(ProjectConfigurationPlatforms) = postSolution
		{A0F65006-DDFA-4ACF-AF98-BC2B8A38BD33}.Debug|Any CPU.ActiveCfg = Debug|Any CPU
		{A0F65006-DDFA-4ACF-AF98-BC2B8A38BD33}.Debug|Any CPU.Build.0 = Debug|Any CPU
		{A0F65006-DDFA-4ACF-AF98-BC2B8A38BD33}.Release|Any CPU.ActiveCfg = Release|Any CPU
		{A0F65006-DDFA-4ACF-AF98-BC2B8A38BD33}.Release|Any CPU.Build.0 = Release|Any CPU
	EndGlobalSection
EndGlobal
