
Microsoft Visual Studio Solution File, Format Version 12.00
Project("{FAE04EC0-301F-11D3-BF4B-00C04F79EFBC}") = "EFCoreFluentApiOnToManyConfig", "EFCoreFluentApiOnToManyConfig\EFCoreFluentApiOnToManyConfig.csproj", "{C4D37B6E-2312-4F15-9232-F4E2EC6EED92}"
EndProject
Global
	GlobalSection(SolutionConfigurationPlatforms) = preSolution
		Debug|Any CPU = Debug|Any CPU
		Release|Any CPU = Release|Any CPU
	EndGlobalSection
	GlobalSection(ProjectConfigurationPlatforms) = postSolution
		{C4D37B6E-2312-4F15-9232-F4E2EC6EED92}.Debug|Any CPU.ActiveCfg = Debug|Any CPU
		{C4D37B6E-2312-4F15-9232-F4E2EC6EED92}.Debug|Any CPU.Build.0 = Debug|Any CPU
		{C4D37B6E-2312-4F15-9232-F4E2EC6EED92}.Release|Any CPU.ActiveCfg = Release|Any CPU
		{C4D37B6E-2312-4F15-9232-F4E2EC6EED92}.Release|Any CPU.Build.0 = Release|Any CPU
	EndGlobalSection
EndGlobal
