
Microsoft Visual Studio Solution File, Format Version 12.00
Project("{FAE04EC0-301F-11D3-BF4B-00C04F79EFBC}") = "Style.DataTrigger", "Style.DataTrigger\Style.DataTrigger.csproj", "{70F79C37-6136-4803-BC31-F1AF6372FBFB}"
EndProject
Global
	GlobalSection(SolutionConfigurationPlatforms) = preSolution
		Debug|Any CPU = Debug|Any CPU
		Release|Any CPU = Release|Any CPU
	EndGlobalSection
	GlobalSection(ProjectConfigurationPlatforms) = postSolution
		{70F79C37-6136-4803-BC31-F1AF6372FBFB}.Debug|Any CPU.ActiveCfg = Debug|Any CPU
		{70F79C37-6136-4803-BC31-F1AF6372FBFB}.Debug|Any CPU.Build.0 = Debug|Any CPU
		{70F79C37-6136-4803-BC31-F1AF6372FBFB}.Release|Any CPU.ActiveCfg = Release|Any CPU
		{70F79C37-6136-4803-BC31-F1AF6372FBFB}.Release|Any CPU.Build.0 = Release|Any CPU
	EndGlobalSection
EndGlobal
